
Microsoft Visual Studio Solution File, Format Version 12.00
# Visual Studio Version 17
VisualStudioVersion = 17.0.31903.59
MinimumVisualStudioVersion = 10.0.40219.1
Project("{2150E333-8FDC-42A3-9474-1A3956D46DE8}") = "src", "src", "{827E0CD3-B72D-47B6-A68D-7590B98EB39B}"
EndProject
Project("{FAE04EC0-301F-11D3-BF4B-00C04F79EFBC}") = "PortalSaas.Data", "src\PortalSaas.Data\PortalSaas.Data.csproj", "{8D371FB7-6DCE-44A5-BE9E-8071EF5FE152}"
EndProject
Project("{FAE04EC0-301F-11D3-BF4B-00C04F79EFBC}") = "PortalSaas.Data.Migrations.PostgreSql", "src\PortalSaas.Data.Migrations.PostgreSql\PortalSaas.Data.Migrations.PostgreSql.csproj", "{394C9284-D023-4F74-8698-0DA00E174872}"
EndProject
Project("{FAE04EC0-301F-11D3-BF4B-00C04F79EFBC}") = "PortalSaas.Data.Migrations.SqlServer", "src\PortalSaas.Data.Migrations.SqlServer\PortalSaas.Data.Migrations.SqlServer.csproj", "{FCFA2633-A4F8-4A73-B5E1-9BF0494F7B2A}"
EndProject
Project("{FAE04EC0-301F-11D3-BF4B-00C04F79EFBC}") = "PortalSaas.Abstractions", "src\PortalSaas.Abstractions\PortalSaas.Abstractions.csproj", "{605C2E5A-3BB5-4501-9292-A31168C7A973}"
EndProject
Project("{FAE04EC0-301F-11D3-BF4B-00C04F79EFBC}") = "PortalSaas.Core", "src\PortalSaas.Core\PortalSaas.Core.csproj", "{D08C69C2-6CBC-4EBD-B85C-17FC27EE52FE}"
EndProject
Project("{2150E333-8FDC-42A3-9474-1A3956D46DE8}") = "tests", "tests", "{0AB3BF05-4346-4AA6-1389-037BE0695223}"
EndProject
Project("{FAE04EC0-301F-11D3-BF4B-00C04F79EFBC}") = "PortalSaas.Core.Tests", "tests\PortalSaas.Core.Tests\PortalSaas.Core.Tests.csproj", "{D94D2873-F52D-44EE-9706-E27D843A519F}"
EndProject
Project("{2150E333-8FDC-42A3-9474-1A3956D46DE8}") = "tools", "tools", "{07C2787E-EAC7-C090-1BA3-A61EC2A24D84}"
EndProject
Project("{FAE04EC0-301F-11D3-BF4B-00C04F79EFBC}") = "PortalSaas.Tools.EmailSmokeTest", "tools\PortalSaas.Tools.EmailSmokeTest\PortalSaas.Tools.EmailSmokeTest.csproj", "{5149F22B-ACEC-4CC8-B99E-05D58F6EEDBF}"
EndProject
Project("{FAE04EC0-301F-11D3-BF4B-00C04F79EFBC}") = "PortalSaas.Host", "src\PortalSaas.Host\PortalSaas.Host.csproj", "{97392CBD-3C68-483D-98D0-559BE361DC4F}"
EndProject
Project("{2150E333-8FDC-42A3-9474-1A3956D46DE8}") = "plugins", "plugins", "{B2EA6032-B763-4A40-A880-56454B391DA1}"
EndProject
Project("{FAE04EC0-301F-11D3-BF4B-00C04F79EFBC}") = "Modulo.Administracion", "plugins\Modulo.Administracion\Modulo.Administracion.csproj", "{739FE20A-F511-499F-970D-D77DBA457948}"
EndProject
Global
	GlobalSection(SolutionConfigurationPlatforms) = preSolution
		Debug|Any CPU = Debug|Any CPU
		Debug|x64 = Debug|x64
		Debug|x86 = Debug|x86
		Release|Any CPU = Release|Any CPU
		Release|x64 = Release|x64
		Release|x86 = Release|x86
	EndGlobalSection
	GlobalSection(ProjectConfigurationPlatforms) = postSolution
		{8D371FB7-6DCE-44A5-BE9E-8071EF5FE152}.Debug|Any CPU.ActiveCfg = Debug|Any CPU
		{8D371FB7-6DCE-44A5-BE9E-8071EF5FE152}.Debug|Any CPU.Build.0 = Debug|Any CPU
		{8D371FB7-6DCE-44A5-BE9E-8071EF5FE152}.Debug|x64.ActiveCfg = Debug|Any CPU
		{8D371FB7-6DCE-44A5-BE9E-8071EF5FE152}.Debug|x64.Build.0 = Debug|Any CPU
		{8D371FB7-6DCE-44A5-BE9E-8071EF5FE152}.Debug|x86.ActiveCfg = Debug|Any CPU
		{8D371FB7-6DCE-44A5-BE9E-8071EF5FE152}.Debug|x86.Build.0 = Debug|Any CPU
		{8D371FB7-6DCE-44A5-BE9E-8071EF5FE152}.Release|Any CPU.ActiveCfg = Release|Any CPU
		{8D371FB7-6DCE-44A5-BE9E-8071EF5FE152}.Release|Any CPU.Build.0 = Release|Any CPU
		{8D371FB7-6DCE-44A5-BE9E-8071EF5FE152}.Release|x64.ActiveCfg = Release|Any CPU
		{8D371FB7-6DCE-44A5-BE9E-8071EF5FE152}.Release|x64.Build.0 = Release|Any CPU
		{8D371FB7-6DCE-44A5-BE9E-8071EF5FE152}.Release|x86.ActiveCfg = Release|Any CPU
		{8D371FB7-6DCE-44A5-BE9E-8071EF5FE152}.Release|x86.Build.0 = Release|Any CPU
		{394C9284-D023-4F74-8698-0DA00E174872}.Debug|Any CPU.ActiveCfg = Debug|Any CPU
		{394C9284-D023-4F74-8698-0DA00E174872}.Debug|Any CPU.Build.0 = Debug|Any CPU
		{394C9284-D023-4F74-8698-0DA00E174872}.Debug|x64.ActiveCfg = Debug|Any CPU
		{394C9284-D023-4F74-8698-0DA00E174872}.Debug|x64.Build.0 = Debug|Any CPU
		{394C9284-D023-4F74-8698-0DA00E174872}.Debug|x86.ActiveCfg = Debug|Any CPU
		{394C9284-D023-4F74-8698-0DA00E174872}.Debug|x86.Build.0 = Debug|Any CPU
		{394C9284-D023-4F74-8698-0DA00E174872}.Release|Any CPU.ActiveCfg = Release|Any CPU
		{394C9284-D023-4F74-8698-0DA00E174872}.Release|Any CPU.Build.0 = Release|Any CPU
		{394C9284-D023-4F74-8698-0DA00E174872}.Release|x64.ActiveCfg = Release|Any CPU
		{394C9284-D023-4F74-8698-0DA00E174872}.Release|x64.Build.0 = Release|Any CPU
		{394C9284-D023-4F74-8698-0DA00E174872}.Release|x86.ActiveCfg = Release|Any CPU
		{394C9284-D023-4F74-8698-0DA00E174872}.Release|x86.Build.0 = Release|Any CPU
		{FCFA2633-A4F8-4A73-B5E1-9BF0494F7B2A}.Debug|Any CPU.ActiveCfg = Debug|Any CPU
		{FCFA2633-A4F8-4A73-B5E1-9BF0494F7B2A}.Debug|Any CPU.Build.0 = Debug|Any CPU
		{FCFA2633-A4F8-4A73-B5E1-9BF0494F7B2A}.Debug|x64.ActiveCfg = Debug|Any CPU
		{FCFA2633-A4F8-4A73-B5E1-9BF0494F7B2A}.Debug|x64.Build.0 = Debug|Any CPU
		{FCFA2633-A4F8-4A73-B5E1-9BF0494F7B2A}.Debug|x86.ActiveCfg = Debug|Any CPU
		{FCFA2633-A4F8-4A73-B5E1-9BF0494F7B2A}.Debug|x86.Build.0 = Debug|Any CPU
		{FCFA2633-A4F8-4A73-B5E1-9BF0494F7B2A}.Release|Any CPU.ActiveCfg = Release|Any CPU
		{FCFA2633-A4F8-4A73-B5E1-9BF0494F7B2A}.Release|Any CPU.Build.0 = Release|Any CPU
		{FCFA2633-A4F8-4A73-B5E1-9BF0494F7B2A}.Release|x64.ActiveCfg = Release|Any CPU
		{FCFA2633-A4F8-4A73-B5E1-9BF0494F7B2A}.Release|x64.Build.0 = Release|Any CPU
		{FCFA2633-A4F8-4A73-B5E1-9BF0494F7B2A}.Release|x86.ActiveCfg = Release|Any CPU
		{FCFA2633-A4F8-4A73-B5E1-9BF0494F7B2A}.Release|x86.Build.0 = Release|Any CPU
		{605C2E5A-3BB5-4501-9292-A31168C7A973}.Debug|Any CPU.ActiveCfg = Debug|Any CPU
		{605C2E5A-3BB5-4501-9292-A31168C7A973}.Debug|Any CPU.Build.0 = Debug|Any CPU
		{605C2E5A-3BB5-4501-9292-A31168C7A973}.Debug|x64.ActiveCfg = Debug|Any CPU
		{605C2E5A-3BB5-4501-9292-A31168C7A973}.Debug|x64.Build.0 = Debug|Any CPU
		{605C2E5A-3BB5-4501-9292-A31168C7A973}.Debug|x86.ActiveCfg = Debug|Any CPU
		{605C2E5A-3BB5-4501-9292-A31168C7A973}.Debug|x86.Build.0 = Debug|Any CPU
		{605C2E5A-3BB5-4501-9292-A31168C7A973}.Release|Any CPU.ActiveCfg = Release|Any CPU
		{605C2E5A-3BB5-4501-9292-A31168C7A973}.Release|Any CPU.Build.0 = Release|Any CPU
		{605C2E5A-3BB5-4501-9292-A31168C7A973}.Release|x64.ActiveCfg = Release|Any CPU
		{605C2E5A-3BB5-4501-9292-A31168C7A973}.Release|x64.Build.0 = Release|Any CPU
		{605C2E5A-3BB5-4501-9292-A31168C7A973}.Release|x86.ActiveCfg = Release|Any CPU
		{605C2E5A-3BB5-4501-9292-A31168C7A973}.Release|x86.Build.0 = Release|Any CPU
		{D08C69C2-6CBC-4EBD-B85C-17FC27EE52FE}.Debug|Any CPU.ActiveCfg = Debug|x64
		{D08C69C2-6CBC-4EBD-B85C-17FC27EE52FE}.Debug|Any CPU.Build.0 = Debug|x64
		{D08C69C2-6CBC-4EBD-B85C-17FC27EE52FE}.Debug|x64.ActiveCfg = Debug|x64
		{D08C69C2-6CBC-4EBD-B85C-17FC27EE52FE}.Debug|x64.Build.0 = Debug|x64
		{D08C69C2-6CBC-4EBD-B85C-17FC27EE52FE}.Debug|x86.ActiveCfg = Debug|x64
		{D08C69C2-6CBC-4EBD-B85C-17FC27EE52FE}.Debug|x86.Build.0 = Debug|x64
		{D08C69C2-6CBC-4EBD-B85C-17FC27EE52FE}.Release|Any CPU.ActiveCfg = Release|x64
		{D08C69C2-6CBC-4EBD-B85C-17FC27EE52FE}.Release|Any CPU.Build.0 = Release|x64
		{D08C69C2-6CBC-4EBD-B85C-17FC27EE52FE}.Release|x64.ActiveCfg = Release|x64
		{D08C69C2-6CBC-4EBD-B85C-17FC27EE52FE}.Release|x64.Build.0 = Release|x64
		{D08C69C2-6CBC-4EBD-B85C-17FC27EE52FE}.Release|x86.ActiveCfg = Release|x64
		{D08C69C2-6CBC-4EBD-B85C-17FC27EE52FE}.Release|x86.Build.0 = Release|x64
		{D94D2873-F52D-44EE-9706-E27D843A519F}.Debug|Any CPU.ActiveCfg = Debug|x64
		{D94D2873-F52D-44EE-9706-E27D843A519F}.Debug|Any CPU.Build.0 = Debug|x64
		{D94D2873-F52D-44EE-9706-E27D843A519F}.Debug|x64.ActiveCfg = Debug|x64
		{D94D2873-F52D-44EE-9706-E27D843A519F}.Debug|x64.Build.0 = Debug|x64
		{D94D2873-F52D-44EE-9706-E27D843A519F}.Debug|x86.ActiveCfg = Debug|x64
		{D94D2873-F52D-44EE-9706-E27D843A519F}.Debug|x86.Build.0 = Debug|x64
		{D94D2873-F52D-44EE-9706-E27D843A519F}.Release|Any CPU.ActiveCfg = Release|x64
		{D94D2873-F52D-44EE-9706-E27D843A519F}.Release|Any CPU.Build.0 = Release|x64
		{D94D2873-F52D-44EE-9706-E27D843A519F}.Release|x64.ActiveCfg = Release|x64
		{D94D2873-F52D-44EE-9706-E27D843A519F}.Release|x64.Build.0 = Release|x64
		{D94D2873-F52D-44EE-9706-E27D843A519F}.Release|x86.ActiveCfg = Release|x64
		{D94D2873-F52D-44EE-9706-E27D843A519F}.Release|x86.Build.0 = Release|x64
		{5149F22B-ACEC-4CC8-B99E-05D58F6EEDBF}.Debug|Any CPU.ActiveCfg = Debug|Any CPU
		{5149F22B-ACEC-4CC8-B99E-05D58F6EEDBF}.Debug|Any CPU.Build.0 = Debug|Any CPU
		{5149F22B-ACEC-4CC8-B99E-05D58F6EEDBF}.Debug|x64.ActiveCfg = Debug|Any CPU
		{5149F22B-ACEC-4CC8-B99E-05D58F6EEDBF}.Debug|x64.Build.0 = Debug|Any CPU
		{5149F22B-ACEC-4CC8-B99E-05D58F6EEDBF}.Debug|x86.ActiveCfg = Debug|Any CPU
		{5149F22B-ACEC-4CC8-B99E-05D58F6EEDBF}.Debug|x86.Build.0 = Debug|Any CPU
		{5149F22B-ACEC-4CC8-B99E-05D58F6EEDBF}.Release|Any CPU.ActiveCfg = Release|Any CPU
		{5149F22B-ACEC-4CC8-B99E-05D58F6EEDBF}.Release|Any CPU.Build.0 = Release|Any CPU
		{5149F22B-ACEC-4CC8-B99E-05D58F6EEDBF}.Release|x64.ActiveCfg = Release|Any CPU
		{5149F22B-ACEC-4CC8-B99E-05D58F6EEDBF}.Release|x64.Build.0 = Release|Any CPU
		{5149F22B-ACEC-4CC8-B99E-05D58F6EEDBF}.Release|x86.ActiveCfg = Release|Any CPU
		{5149F22B-ACEC-4CC8-B99E-05D58F6EEDBF}.Release|x86.Build.0 = Release|Any CPU
		{97392CBD-3C68-483D-98D0-559BE361DC4F}.Debug|Any CPU.ActiveCfg = Debug|x64
		{97392CBD-3C68-483D-98D0-559BE361DC4F}.Debug|Any CPU.Build.0 = Debug|x64
		{97392CBD-3C68-483D-98D0-559BE361DC4F}.Debug|x64.ActiveCfg = Debug|x64
		{97392CBD-3C68-483D-98D0-559BE361DC4F}.Debug|x64.Build.0 = Debug|x64
		{97392CBD-3C68-483D-98D0-559BE361DC4F}.Debug|x86.ActiveCfg = Debug|x64
		{97392CBD-3C68-483D-98D0-559BE361DC4F}.Debug|x86.Build.0 = Debug|x64
		{97392CBD-3C68-483D-98D0-559BE361DC4F}.Release|Any CPU.ActiveCfg = Release|x64
		{97392CBD-3C68-483D-98D0-559BE361DC4F}.Release|Any CPU.Build.0 = Release|x64
		{97392CBD-3C68-483D-98D0-559BE361DC4F}.Release|x64.ActiveCfg = Release|x64
		{97392CBD-3C68-483D-98D0-559BE361DC4F}.Release|x64.Build.0 = Release|x64
		{97392CBD-3C68-483D-98D0-559BE361DC4F}.Release|x86.ActiveCfg = Release|x64
		{97392CBD-3C68-483D-98D0-559BE361DC4F}.Release|x86.Build.0 = Release|x64
		{739FE20A-F511-499F-970D-D77DBA457948}.Debug|Any CPU.ActiveCfg = Debug|x64
		{739FE20A-F511-499F-970D-D77DBA457948}.Debug|Any CPU.Build.0 = Debug|x64
		{739FE20A-F511-499F-970D-D77DBA457948}.Debug|x64.ActiveCfg = Debug|x64
		{739FE20A-F511-499F-970D-D77DBA457948}.Debug|x64.Build.0 = Debug|x64
		{739FE20A-F511-499F-970D-D77DBA457948}.Debug|x86.ActiveCfg = Debug|x64
		{739FE20A-F511-499F-970D-D77DBA457948}.Debug|x86.Build.0 = Debug|x64
		{739FE20A-F511-499F-970D-D77DBA457948}.Release|Any CPU.ActiveCfg = Release|x64
		{739FE20A-F511-499F-970D-D77DBA457948}.Release|Any CPU.Build.0 = Release|x64
		{739FE20A-F511-499F-970D-D77DBA457948}.Release|x64.ActiveCfg = Release|x64
		{739FE20A-F511-499F-970D-D77DBA457948}.Release|x64.Build.0 = Release|x64
		{739FE20A-F511-499F-970D-D77DBA457948}.Release|x86.ActiveCfg = Release|x64
		{739FE20A-F511-499F-970D-D77DBA457948}.Release|x86.Build.0 = Release|x64
	EndGlobalSection
	GlobalSection(SolutionProperties) = preSolution
		HideSolutionNode = FALSE
	EndGlobalSection
	GlobalSection(NestedProjects) = preSolution
		{8D371FB7-6DCE-44A5-BE9E-8071EF5FE152} = {827E0CD3-B72D-47B6-A68D-7590B98EB39B}
		{394C9284-D023-4F74-8698-0DA00E174872} = {827E0CD3-B72D-47B6-A68D-7590B98EB39B}
		{FCFA2633-A4F8-4A73-B5E1-9BF0494F7B2A} = {827E0CD3-B72D-47B6-A68D-7590B98EB39B}
		{605C2E5A-3BB5-4501-9292-A31168C7A973} = {827E0CD3-B72D-47B6-A68D-7590B98EB39B}
		{D08C69C2-6CBC-4EBD-B85C-17FC27EE52FE} = {827E0CD3-B72D-47B6-A68D-7590B98EB39B}
		{D94D2873-F52D-44EE-9706-E27D843A519F} = {0AB3BF05-4346-4AA6-1389-037BE0695223}
		{5149F22B-ACEC-4CC8-B99E-05D58F6EEDBF} = {07C2787E-EAC7-C090-1BA3-A61EC2A24D84}
		{97392CBD-3C68-483D-98D0-559BE361DC4F} = {827E0CD3-B72D-47B6-A68D-7590B98EB39B}
		{739FE20A-F511-499F-970D-D77DBA457948} = {B2EA6032-B763-4A40-A880-56454B391DA1}
	EndGlobalSection
EndGlobal
